
Microsoft Visual Studio Solution File, Format Version 12.00
# Visual Studio Version 17
VisualStudioVersion = 17.14.36310.24 d17.14
MinimumVisualStudioVersion = 10.0.40219.1
Project("{FAE04EC0-301F-11D3-BF4B-00C04F79EFBC}") = "WebMap", "WebMap.csproj", "{DE2D2163-DD90-4E94-8FB4-7AE19B38288D}"
EndProject
Global
	GlobalSection(SolutionConfigurationPlatforms) = preSolution
		Debug|Any CPU = Debug|Any CPU
		Release|Any CPU = Release|Any CPU
	EndGlobalSection
	GlobalSection(ProjectConfigurationPlatforms) = postSolution
		{DE2D2163-DD90-4E94-8FB4-7AE19B38288D}.Debug|Any CPU.ActiveCfg = Debug|Any CPU
		{DE2D2163-DD90-4E94-8FB4-7AE19B38288D}.Debug|Any CPU.Build.0 = Debug|Any CPU
		{DE2D2163-DD90-4E94-8FB4-7AE19B38288D}.Release|Any CPU.ActiveCfg = Release|Any CPU
		{DE2D2163-DD90-4E94-8FB4-7AE19B38288D}.Release|Any CPU.Build.0 = Release|Any CPU
	EndGlobalSection
	GlobalSection(SolutionProperties) = preSolution
		HideSolutionNode = FALSE
	EndGlobalSection
	GlobalSection(ExtensibilityGlobals) = postSolution
		SolutionGuid = {336F49CF-6126-42AA-8F8B-892B2802ABEB}
	EndGlobalSection
EndGlobal
